
Microsoft Visual Studio Solution File, Format Version 12.00
# Visual Studio Version 16
VisualStudioVersion = 16.0.31205.134
MinimumVisualStudioVersion = 10.0.40219.1
Project("{FAE04EC0-301F-11D3-BF4B-00C04F79EFBC}") = "ATMLab", "ATMLab\ATMLab.csproj", "{393B182F-D060-41B2-8529-E8EFA19BB16F}"
EndProject
Global
	GlobalSection(SolutionConfigurationPlatforms) = preSolution
		Debug|Any CPU = Debug|Any CPU
		Release|Any CPU = Release|Any CPU
	EndGlobalSection
	GlobalSection(ProjectConfigurationPlatforms) = postSolution
		{393B182F-D060-41B2-8529-E8EFA19BB16F}.Debug|Any CPU.ActiveCfg = Debug|Any CPU
		{393B182F-D060-41B2-8529-E8EFA19BB16F}.Debug|Any CPU.Build.0 = Debug|Any CPU
		{393B182F-D060-41B2-8529-E8EFA19BB16F}.Release|Any CPU.ActiveCfg = Release|Any CPU
		{393B182F-D060-41B2-8529-E8EFA19BB16F}.Release|Any CPU.Build.0 = Release|Any CPU
	EndGlobalSection
	GlobalSection(SolutionProperties) = preSolution
		HideSolutionNode = FALSE
	EndGlobalSection
	GlobalSection(ExtensibilityGlobals) = postSolution
		SolutionGuid = {72E16F8D-8986-41CC-9AA0-280126910D62}
	EndGlobalSection
EndGlobal
